
Microsoft Visual Studio Solution File, Format Version 12.00
Project("{FAE04EC0-301F-11D3-BF4B-00C04F79EFBC}") = "Neuronix.Api", "Neuronix.Api\Neuronix.Api.csproj", "{58F9F076-BEF5-425F-A7C2-18609C93E434}"
EndProject
Project("{FAE04EC0-301F-11D3-BF4B-00C04F79EFBC}") = "Neuronix.Core", "Neuronix.Core\Neuronix.Core.csproj", "{A3B3FA78-E58B-47E0-9FA3-C2ABBDC04034}"
EndProject
Project("{FAE04EC0-301F-11D3-BF4B-00C04F79EFBC}") = "Neuronix.Data", "Neuronix.Data\Neuronix.Data.csproj", "{7387D2E8-DDE2-404A-A554-4C3F89FB4311}"
EndProject
Project("{FAE04EC0-301F-11D3-BF4B-00C04F79EFBC}") = "Neuronix.Services", "Neuronix.Services\Neuronix.Services.csproj", "{F477757E-09C6-47FA-AE38-AE111F223E38}"
EndProject
Project("{FAE04EC0-301F-11D3-BF4B-00C04F79EFBC}") = "Neuronix.Web", "Neuronix.Web\Neuronix.Web.csproj", "{0B9CFE32-7A3E-41DA-A159-4F2300A9B645}"
EndProject
Global
	GlobalSection(SolutionConfigurationPlatforms) = preSolution
		Debug|Any CPU = Debug|Any CPU
		Release|Any CPU = Release|Any CPU
	EndGlobalSection
	GlobalSection(ProjectConfigurationPlatforms) = postSolution
		{58F9F076-BEF5-425F-A7C2-18609C93E434}.Debug|Any CPU.ActiveCfg = Debug|Any CPU
		{58F9F076-BEF5-425F-A7C2-18609C93E434}.Debug|Any CPU.Build.0 = Debug|Any CPU
		{58F9F076-BEF5-425F-A7C2-18609C93E434}.Release|Any CPU.ActiveCfg = Release|Any CPU
		{58F9F076-BEF5-425F-A7C2-18609C93E434}.Release|Any CPU.Build.0 = Release|Any CPU
		{A3B3FA78-E58B-47E0-9FA3-C2ABBDC04034}.Debug|Any CPU.ActiveCfg = Debug|Any CPU
		{A3B3FA78-E58B-47E0-9FA3-C2ABBDC04034}.Debug|Any CPU.Build.0 = Debug|Any CPU
		{A3B3FA78-E58B-47E0-9FA3-C2ABBDC04034}.Release|Any CPU.ActiveCfg = Release|Any CPU
		{A3B3FA78-E58B-47E0-9FA3-C2ABBDC04034}.Release|Any CPU.Build.0 = Release|Any CPU
		{7387D2E8-DDE2-404A-A554-4C3F89FB4311}.Debug|Any CPU.ActiveCfg = Debug|Any CPU
		{7387D2E8-DDE2-404A-A554-4C3F89FB4311}.Debug|Any CPU.Build.0 = Debug|Any CPU
		{7387D2E8-DDE2-404A-A554-4C3F89FB4311}.Release|Any CPU.ActiveCfg = Release|Any CPU
		{7387D2E8-DDE2-404A-A554-4C3F89FB4311}.Release|Any CPU.Build.0 = Release|Any CPU
		{F477757E-09C6-47FA-AE38-AE111F223E38}.Debug|Any CPU.ActiveCfg = Debug|Any CPU
		{F477757E-09C6-47FA-AE38-AE111F223E38}.Debug|Any CPU.Build.0 = Debug|Any CPU
		{F477757E-09C6-47FA-AE38-AE111F223E38}.Release|Any CPU.ActiveCfg = Release|Any CPU
		{F477757E-09C6-47FA-AE38-AE111F223E38}.Release|Any CPU.Build.0 = Release|Any CPU
		{0B9CFE32-7A3E-41DA-A159-4F2300A9B645}.Debug|Any CPU.ActiveCfg = Debug|Any CPU
		{0B9CFE32-7A3E-41DA-A159-4F2300A9B645}.Debug|Any CPU.Build.0 = Debug|Any CPU
		{0B9CFE32-7A3E-41DA-A159-4F2300A9B645}.Release|Any CPU.ActiveCfg = Release|Any CPU
		{0B9CFE32-7A3E-41DA-A159-4F2300A9B645}.Release|Any CPU.Build.0 = Release|Any CPU
	EndGlobalSection
EndGlobal
